# THIS IS AN AUTOGENERATED FILE. DO NOT EDIT THIS FILE DIRECTLY.
# yarn lockfile v1


es6-promise-pool@^2.5.0:
  version "2.5.0"
  resolved "https://registry.yarnpkg.com/es6-promise-pool/-/es6-promise-pool-2.5.0.tgz#147c612b36b47f105027f9d2bf54a598a99d9ccb"
  integrity sha512-VHErXfzR/6r/+yyzPKeBvO0lgjfC5cbDCQWjWwMZWSb6YU39TGIl51OUmCfWCq4ylMdJSB8zkz2vIuIeIxXApA==
